// !$*UTF8*$!
{
	archiveVersion = 1;
	classes = {
	};
	objectVersion = 56;
	objects = {

/* Begin PBXBuildFile section */
		D58F66F02C103007000D6B18 /* UserAuthFirebaseApp.swift in Sources */ = {isa = PBXBuildFile; fileRef = D58F66EF2C103007000D6B18 /* UserAuthFirebaseApp.swift */; };
		D58F66F22C103007000D6B18 /* AuthenticationView.swift in Sources */ = {isa = PBXBuildFile; fileRef = D58F66F12C103007000D6B18 /* AuthenticationView.swift */; };
		D58F66F42C103008000D6B18 /* Assets.xcassets in Resources */ = {isa = PBXBuildFile; fileRef = D58F66F32C103008000D6B18 /* Assets.xcassets */; };
		D58F66F72C103008000D6B18 /* Preview Assets.xcassets in Resources */ = {isa = PBXBuildFile; fileRef = D58F66F62C103008000D6B18 /* Preview Assets.xcassets */; };
		D58F66FF2C1037FC000D6B18 /* AuthenticationViewModel.swift in Sources */ = {isa = PBXBuildFile; fileRef = D58F66FE2C1037FC000D6B18 /* AuthenticationViewModel.swift */; };
		D58F67042C103CC1000D6B18 /* FirebaseLoginView.swift in Sources */ = {isa = PBXBuildFile; fileRef = D58F67032C103CC1000D6B18 /* FirebaseLoginView.swift */; };
		D58F67062C103CD9000D6B18 /* LocalhostLoginView.swift in Sources */ = {isa = PBXBuildFile; fileRef = D58F67052C103CD9000D6B18 /* LocalhostLoginView.swift */; };
		D58F67092C1049D2000D6B18 /* FormInputView.swift in Sources */ = {isa = PBXBuildFile; fileRef = D58F67082C1049D2000D6B18 /* FormInputView.swift */; };
		D58F670B2C10509D000D6B18 /* FirebaseRegisterView.swift in Sources */ = {isa = PBXBuildFile; fileRef = D58F670A2C10509D000D6B18 /* FirebaseRegisterView.swift */; };
		D58F670E2C105C3F000D6B18 /* ProfileView.swift in Sources */ = {isa = PBXBuildFile; fileRef = D58F670D2C105C3F000D6B18 /* ProfileView.swift */; };
		D58F67102C105E09000D6B18 /* SettingsRowView.swift in Sources */ = {isa = PBXBuildFile; fileRef = D58F670F2C105E09000D6B18 /* SettingsRowView.swift */; };
		D58F67132C1061F3000D6B18 /* User.swift in Sources */ = {isa = PBXBuildFile; fileRef = D58F67122C1061F3000D6B18 /* User.swift */; };
		D58F67152C1065E6000D6B18 /* LocalhostRegisterView.swift in Sources */ = {isa = PBXBuildFile; fileRef = D58F67142C1065E6000D6B18 /* LocalhostRegisterView.swift */; };
		D58F67182C10665C000D6B18 /* HeaderImage.swift in Sources */ = {isa = PBXBuildFile; fileRef = D58F67172C10665C000D6B18 /* HeaderImage.swift */; };
/* End PBXBuildFile section */

/* Begin PBXFileReference section */
		D58F66EC2C103007000D6B18 /* UserAuthFirebase.app */ = {isa = PBXFileReference; explicitFileType = wrapper.application; includeInIndex = 0; path = UserAuthFirebase.app; sourceTree = BUILT_PRODUCTS_DIR; };
		D58F66EF2C103007000D6B18 /* UserAuthFirebaseApp.swift */ = {isa = PBXFileReference; lastKnownFileType = sourcecode.swift; path = UserAuthFirebaseApp.swift; sourceTree = "<group>"; };
		D58F66F12C103007000D6B18 /* AuthenticationView.swift */ = {isa = PBXFileReference; lastKnownFileType = sourcecode.swift; path = AuthenticationView.swift; sourceTree = "<group>"; };
		D58F66F32C103008000D6B18 /* Assets.xcassets */ = {isa = PBXFileReference; lastKnownFileType = folder.assetcatalog; path = Assets.xcassets; sourceTree = "<group>"; };
		D58F66F62C103008000D6B18 /* Preview Assets.xcassets */ = {isa = PBXFileReference; lastKnownFileType = folder.assetcatalog; path = "Preview Assets.xcassets"; sourceTree = "<group>"; };
		D58F66FE2C1037FC000D6B18 /* AuthenticationViewModel.swift */ = {isa = PBXFileReference; lastKnownFileType = sourcecode.swift; path = AuthenticationViewModel.swift; sourceTree = "<group>"; };
		D58F67032C103CC1000D6B18 /* FirebaseLoginView.swift */ = {isa = PBXFileReference; lastKnownFileType = sourcecode.swift; path = FirebaseLoginView.swift; sourceTree = "<group>"; };
		D58F67052C103CD9000D6B18 /* LocalhostLoginView.swift */ = {isa = PBXFileReference; lastKnownFileType = sourcecode.swift; path = LocalhostLoginView.swift; sourceTree = "<group>"; };
		D58F67082C1049D2000D6B18 /* FormInputView.swift */ = {isa = PBXFileReference; lastKnownFileType = sourcecode.swift; path = FormInputView.swift; sourceTree = "<group>"; };
		D58F670A2C10509D000D6B18 /* FirebaseRegisterView.swift */ = {isa = PBXFileReference; lastKnownFileType = sourcecode.swift; path = FirebaseRegisterView.swift; sourceTree = "<group>"; };
		D58F670D2C105C3F000D6B18 /* ProfileView.swift */ = {isa = PBXFileReference; lastKnownFileType = sourcecode.swift; path = ProfileView.swift; sourceTree = "<group>"; };
		D58F670F2C105E09000D6B18 /* SettingsRowView.swift */ = {isa = PBXFileReference; lastKnownFileType = sourcecode.swift; path = SettingsRowView.swift; sourceTree = "<group>"; };
		D58F67122C1061F3000D6B18 /* User.swift */ = {isa = PBXFileReference; lastKnownFileType = sourcecode.swift; path = User.swift; sourceTree = "<group>"; };
		D58F67142C1065E6000D6B18 /* LocalhostRegisterView.swift */ = {isa = PBXFileReference; lastKnownFileType = sourcecode.swift; path = LocalhostRegisterView.swift; sourceTree = "<group>"; };
		D58F67172C10665C000D6B18 /* HeaderImage.swift */ = {isa = PBXFileReference; lastKnownFileType = sourcecode.swift; path = HeaderImage.swift; sourceTree = "<group>"; };
/* End PBXFileReference section */

/* Begin PBXFrameworksBuildPhase section */
		D58F66E92C103007000D6B18 /* Frameworks */ = {
			isa = PBXFrameworksBuildPhase;
			buildActionMask = 2147483647;
			files = (
			);
			runOnlyForDeploymentPostprocessing = 0;
		};
/* End PBXFrameworksBuildPhase section */

/* Begin PBXGroup section */
		D58F66E32C103007000D6B18 = {
			isa = PBXGroup;
			children = (
				D58F66EE2C103007000D6B18 /* UserAuthFirebase */,
				D58F66ED2C103007000D6B18 /* Products */,
			);
			sourceTree = "<group>";
		};
		D58F66ED2C103007000D6B18 /* Products */ = {
			isa = PBXGroup;
			children = (
				D58F66EC2C103007000D6B18 /* UserAuthFirebase.app */,
			);
			name = Products;
			sourceTree = "<group>";
		};
		D58F66EE2C103007000D6B18 /* UserAuthFirebase */ = {
			isa = PBXGroup;
			children = (
				D58F67112C1061E7000D6B18 /* Model */,
				D58F67072C1049B2000D6B18 /* ReusableComponents */,
				D58F66FD2C103457000D6B18 /* Scene */,
				D58F66EF2C103007000D6B18 /* UserAuthFirebaseApp.swift */,
				D58F66F32C103008000D6B18 /* Assets.xcassets */,
				D58F66F52C103008000D6B18 /* Preview Content */,
			);
			path = UserAuthFirebase;
			sourceTree = "<group>";
		};
		D58F66F52C103008000D6B18 /* Preview Content */ = {
			isa = PBXGroup;
			children = (
				D58F66F62C103008000D6B18 /* Preview Assets.xcassets */,
			);
			path = "Preview Content";
			sourceTree = "<group>";
		};
		D58F66FD2C103457000D6B18 /* Scene */ = {
			isa = PBXGroup;
			children = (
				D58F670C2C105C31000D6B18 /* Profile */,
				D58F67022C103C65000D6B18 /* LocalhostView */,
				D58F67012C103C53000D6B18 /* FirebaseView */,
				D58F67002C103C45000D6B18 /* RootView */,
			);
			path = Scene;
			sourceTree = "<group>";
		};
		D58F67002C103C45000D6B18 /* RootView */ = {
			isa = PBXGroup;
			children = (
				D58F66F12C103007000D6B18 /* AuthenticationView.swift */,
				D58F66FE2C1037FC000D6B18 /* AuthenticationViewModel.swift */,
			);
			path = RootView;
			sourceTree = "<group>";
		};
		D58F67012C103C53000D6B18 /* FirebaseView */ = {
			isa = PBXGroup;
			children = (
				D58F67032C103CC1000D6B18 /* FirebaseLoginView.swift */,
				D58F670A2C10509D000D6B18 /* FirebaseRegisterView.swift */,
			);
			path = FirebaseView;
			sourceTree = "<group>";
		};
		D58F67022C103C65000D6B18 /* LocalhostView */ = {
			isa = PBXGroup;
			children = (
				D58F67052C103CD9000D6B18 /* LocalhostLoginView.swift */,
				D58F67142C1065E6000D6B18 /* LocalhostRegisterView.swift */,
			);
			path = LocalhostView;
			sourceTree = "<group>";
		};
		D58F67072C1049B2000D6B18 /* ReusableComponents */ = {
			isa = PBXGroup;
			children = (
				D58F67162C106631000D6B18 /* Image */,
				D58F67082C1049D2000D6B18 /* FormInputView.swift */,
				D58F670F2C105E09000D6B18 /* SettingsRowView.swift */,
			);
			path = ReusableComponents;
			sourceTree = "<group>";
		};
		D58F670C2C105C31000D6B18 /* Profile */ = {
			isa = PBXGroup;
			children = (
				D58F670D2C105C3F000D6B18 /* ProfileView.swift */,
			);
			path = Profile;
			sourceTree = "<group>";
		};
		D58F67112C1061E7000D6B18 /* Model */ = {
			isa = PBXGroup;
			children = (
				D58F67122C1061F3000D6B18 /* User.swift */,
			);
			path = Model;
			sourceTree = "<group>";
		};
		D58F67162C106631000D6B18 /* Image */ = {
			isa = PBXGroup;
			children = (
				D58F67172C10665C000D6B18 /* HeaderImage.swift */,
			);
			path = Image;
			sourceTree = "<group>";
		};
/* End PBXGroup section */

/* Begin PBXNativeTarget section */
		D58F66EB2C103007000D6B18 /* UserAuthFirebase */ = {
			isa = PBXNativeTarget;
			buildConfigurationList = D58F66FA2C103008000D6B18 /* Build configuration list for PBXNativeTarget "UserAuthFirebase" */;
			buildPhases = (
				D58F66E82C103007000D6B18 /* Sources */,
				D58F66E92C103007000D6B18 /* Frameworks */,
				D58F66EA2C103007000D6B18 /* Resources */,
			);
			buildRules = (
			);
			dependencies = (
			);
			name = UserAuthFirebase;
			productName = UserAuthFirebase;
			productReference = D58F66EC2C103007000D6B18 /* UserAuthFirebase.app */;
			productType = "com.apple.product-type.application";
		};
/* End PBXNativeTarget section */

/* Begin PBXProject section */
		D58F66E42C103007000D6B18 /* Project object */ = {
			isa = PBXProject;
			attributes = {
				BuildIndependentTargetsInParallel = 1;
				LastSwiftUpdateCheck = 1510;
				LastUpgradeCheck = 1510;
				TargetAttributes = {
					D58F66EB2C103007000D6B18 = {
						CreatedOnToolsVersion = 15.1;
					};
				};
			};
			buildConfigurationList = D58F66E72C103007000D6B18 /* Build configuration list for PBXProject "UserAuthFirebase" */;
			compatibilityVersion = "Xcode 14.0";
			developmentRegion = en;
			hasScannedForEncodings = 0;
			knownRegions = (
				en,
				Base,
			);
			mainGroup = D58F66E32C103007000D6B18;
			productRefGroup = D58F66ED2C103007000D6B18 /* Products */;
			projectDirPath = "";
			projectRoot = "";
			targets = (
				D58F66EB2C103007000D6B18 /* UserAuthFirebase */,
			);
		};
/* End PBXProject section */

/* Begin PBXResourcesBuildPhase section */
		D58F66EA2C103007000D6B18 /* Resources */ = {
			isa = PBXResourcesBuildPhase;
			buildActionMask = 2147483647;
			files = (
				D58F66F72C103008000D6B18 /* Preview Assets.xcassets in Resources */,
				D58F66F42C103008000D6B18 /* Assets.xcassets in Resources */,
			);
			runOnlyForDeploymentPostprocessing = 0;
		};
/* End PBXResourcesBuildPhase section */

/* Begin PBXSourcesBuildPhase section */
		D58F66E82C103007000D6B18 /* Sources */ = {
			isa = PBXSourcesBuildPhase;
			buildActionMask = 2147483647;
			files = (
				D58F67182C10665C000D6B18 /* HeaderImage.swift in Sources */,
				D58F670E2C105C3F000D6B18 /* ProfileView.swift in Sources */,
				D58F66FF2C1037FC000D6B18 /* AuthenticationViewModel.swift in Sources */,
				D58F66F22C103007000D6B18 /* AuthenticationView.swift in Sources */,
				D58F67062C103CD9000D6B18 /* LocalhostLoginView.swift in Sources */,
				D58F67092C1049D2000D6B18 /* FormInputView.swift in Sources */,
				D58F66F02C103007000D6B18 /* UserAuthFirebaseApp.swift in Sources */,
				D58F67042C103CC1000D6B18 /* FirebaseLoginView.swift in Sources */,
				D58F67152C1065E6000D6B18 /* LocalhostRegisterView.swift in Sources */,
				D58F670B2C10509D000D6B18 /* FirebaseRegisterView.swift in Sources */,
				D58F67132C1061F3000D6B18 /* User.swift in Sources */,
				D58F67102C105E09000D6B18 /* SettingsRowView.swift in Sources */,
			);
			runOnlyForDeploymentPostprocessing = 0;
		};
/* End PBXSourcesBuildPhase section */

/* Begin XCBuildConfiguration section */
		D58F66F82C103008000D6B18 /* Debug */ = {
			isa = XCBuildConfiguration;
			buildSettings = {
				ALWAYS_SEARCH_USER_PATHS = NO;
				ASSETCATALOG_COMPILER_GENERATE_SWIFT_ASSET_SYMBOL_EXTENSIONS = YES;
				CLANG_ANALYZER_NONNULL = YES;
				CLANG_ANALYZER_NUMBER_OBJECT_CONVERSION = YES_AGGRESSIVE;
				CLANG_CXX_LANGUAGE_STANDARD = "gnu++20";
				CLANG_ENABLE_MODULES = YES;
				CLANG_ENABLE_OBJC_ARC = YES;
				CLANG_ENABLE_OBJC_WEAK = YES;
				CLANG_WARN_BLOCK_CAPTURE_AUTORELEASING = YES;
				CLANG_WARN_BOOL_CONVERSION = YES;
				CLANG_WARN_COMMA = YES;
				CLANG_WARN_CONSTANT_CONVERSION = YES;
				CLANG_WARN_DEPRECATED_OBJC_IMPLEMENTATIONS = YES;
				CLANG_WARN_DIRECT_OBJC_ISA_USAGE = YES_ERROR;
				CLANG_WARN_DOCUMENTATION_COMMENTS = YES;
				CLANG_WARN_EMPTY_BODY = YES;
				CLANG_WARN_ENUM_CONVERSION = YES;
				CLANG_WARN_INFINITE_RECURSION = YES;
				CLANG_WARN_INT_CONVERSION = YES;
				CLANG_WARN_NON_LITERAL_NULL_CONVERSION = YES;
				CLANG_WARN_OBJC_IMPLICIT_RETAIN_SELF = YES;
				CLANG_WARN_OBJC_LITERAL_CONVERSION = YES;
				CLANG_WARN_OBJC_ROOT_CLASS = YES_ERROR;
				CLANG_WARN_QUOTED_INCLUDE_IN_FRAMEWORK_HEADER = YES;
				CLANG_WARN_RANGE_LOOP_ANALYSIS = YES;
				CLANG_WARN_STRICT_PROTOTYPES = YES;
				CLANG_WARN_SUSPICIOUS_MOVE = YES;
				CLANG_WARN_UNGUARDED_AVAILABILITY = YES_AGGRESSIVE;
				CLANG_WARN_UNREACHABLE_CODE = YES;
				CLANG_WARN__DUPLICATE_METHOD_MATCH = YES;
				COPY_PHASE_STRIP = NO;
				DEBUG_INFORMATION_FORMAT = dwarf;
				ENABLE_STRICT_OBJC_MSGSEND = YES;
				ENABLE_TESTABILITY = YES;
				ENABLE_USER_SCRIPT_SANDBOXING = YES;
				GCC_C_LANGUAGE_STANDARD = gnu17;
				GCC_DYNAMIC_NO_PIC = NO;
				GCC_NO_COMMON_BLOCKS = YES;
				GCC_OPTIMIZATION_LEVEL = 0;
				GCC_PREPROCESSOR_DEFINITIONS = (
					"DEBUG=1",
					"$(inherited)",
				);
				GCC_WARN_64_TO_32_BIT_CONVERSION = YES;
				GCC_WARN_ABOUT_RETURN_TYPE = YES_ERROR;
				GCC_WARN_UNDECLARED_SELECTOR = YES;
				GCC_WARN_UNINITIALIZED_AUTOS = YES_AGGRESSIVE;
				GCC_WARN_UNUSED_FUNCTION = YES;
				GCC_WARN_UNUSED_VARIABLE = YES;
				IPHONEOS_DEPLOYMENT_TARGET = 17.2;
				LOCALIZATION_PREFERS_STRING_CATALOGS = YES;
				MTL_ENABLE_DEBUG_INFO = INCLUDE_SOURCE;
				MTL_FAST_MATH = YES;
				ONLY_ACTIVE_ARCH = YES;
				SDKROOT = iphoneos;
				SWIFT_ACTIVE_COMPILATION_CONDITIONS = "DEBUG $(inherited)";
				SWIFT_OPTIMIZATION_LEVEL = "-Onone";
			};
			name = Debug;
		};
		D58F66F92C103008000D6B18 /* Release */ = {
			isa = XCBuildConfiguration;
			buildSettings = {
				ALWAYS_SEARCH_USER_PATHS = NO;
				ASSETCATALOG_COMPILER_GENERATE_SWIFT_ASSET_SYMBOL_EXTENSIONS = YES;
				CLANG_ANALYZER_NONNULL = YES;
				CLANG_ANALYZER_NUMBER_OBJECT_CONVERSION = YES_AGGRESSIVE;
				CLANG_CXX_LANGUAGE_STANDARD = "gnu++20";
				CLANG_ENABLE_MODULES = YES;
				CLANG_ENABLE_OBJC_ARC = YES;
				CLANG_ENABLE_OBJC_WEAK = YES;
				CLANG_WARN_BLOCK_CAPTURE_AUTORELEASING = YES;
				CLANG_WARN_BOOL_CONVERSION = YES;
				CLANG_WARN_COMMA = YES;
				CLANG_WARN_CONSTANT_CONVERSION = YES;
				CLANG_WARN_DEPRECATED_OBJC_IMPLEMENTATIONS = YES;
				CLANG_WARN_DIRECT_OBJC_ISA_USAGE = YES_ERROR;
				CLANG_WARN_DOCUMENTATION_COMMENTS = YES;
				CLANG_WARN_EMPTY_BODY = YES;
				CLANG_WARN_ENUM_CONVERSION = YES;
				CLANG_WARN_INFINITE_RECURSION = YES;
				CLANG_WARN_INT_CONVERSION = YES;
				CLANG_WARN_NON_LITERAL_NULL_CONVERSION = YES;
				CLANG_WARN_OBJC_IMPLICIT_RETAIN_SELF = YES;
				CLANG_WARN_OBJC_LITERAL_CONVERSION = YES;
				CLANG_WARN_OBJC_ROOT_CLASS = YES_ERROR;
				CLANG_WARN_QUOTED_INCLUDE_IN_FRAMEWORK_HEADER = YES;
				CLANG_WARN_RANGE_LOOP_ANALYSIS = YES;
				CLANG_WARN_STRICT_PROTOTYPES = YES;
				CLANG_WARN_SUSPICIOUS_MOVE = YES;
				CLANG_WARN_UNGUARDED_AVAILABILITY = YES_AGGRESSIVE;
				CLANG_WARN_UNREACHABLE_CODE = YES;
				CLANG_WARN__DUPLICATE_METHOD_MATCH = YES;
				COPY_PHASE_STRIP = NO;
				DEBUG_INFORMATION_FORMAT = "dwarf-with-dsym";
				ENABLE_NS_ASSERTIONS = NO;
				ENABLE_STRICT_OBJC_MSGSEND = YES;
				ENABLE_USER_SCRIPT_SANDBOXING = YES;
				GCC_C_LANGUAGE_STANDARD = gnu17;
				GCC_NO_COMMON_BLOCKS = YES;
				GCC_WARN_64_TO_32_BIT_CONVERSION = YES;
				GCC_WARN_ABOUT_RETURN_TYPE = YES_ERROR;
				GCC_WARN_UNDECLARED_SELECTOR = YES;
				GCC_WARN_UNINITIALIZED_AUTOS = YES_AGGRESSIVE;
				GCC_WARN_UNUSED_FUNCTION = YES;
				GCC_WARN_UNUSED_VARIABLE = YES;
				IPHONEOS_DEPLOYMENT_TARGET = 17.2;
				LOCALIZATION_PREFERS_STRING_CATALOGS = YES;
				MTL_ENABLE_DEBUG_INFO = NO;
				MTL_FAST_MATH = YES;
				SDKROOT = iphoneos;
				SWIFT_COMPILATION_MODE = wholemodule;
				VALIDATE_PRODUCT = YES;
			};
			name = Release;
		};
		D58F66FB2C103008000D6B18 /* Debug */ = {
			isa = XCBuildConfiguration;
			buildSettings = {
				ASSETCATALOG_COMPILER_APPICON_NAME = AppIcon;
				ASSETCATALOG_COMPILER_GLOBAL_ACCENT_COLOR_NAME = AccentColor;
				CODE_SIGN_STYLE = Automatic;
				CURRENT_PROJECT_VERSION = 1;
				DEVELOPMENT_ASSET_PATHS = "\"UserAuthFirebase/Preview Content\"";
				DEVELOPMENT_TEAM = TJ4DPFCMFY;
				ENABLE_PREVIEWS = YES;
				GENERATE_INFOPLIST_FILE = YES;
				INFOPLIST_KEY_UIApplicationSceneManifest_Generation = YES;
				INFOPLIST_KEY_UIApplicationSupportsIndirectInputEvents = YES;
				INFOPLIST_KEY_UILaunchScreen_Generation = YES;
				INFOPLIST_KEY_UISupportedInterfaceOrientations_iPad = "UIInterfaceOrientationPortrait UIInterfaceOrientationPortraitUpsideDown UIInterfaceOrientationLandscapeLeft UIInterfaceOrientationLandscapeRight";
				INFOPLIST_KEY_UISupportedInterfaceOrientations_iPhone = "UIInterfaceOrientationPortrait UIInterfaceOrientationLandscapeLeft UIInterfaceOrientationLandscapeRight";
				LD_RUNPATH_SEARCH_PATHS = (
					"$(inherited)",
					"@executable_path/Frameworks",
				);
				MARKETING_VERSION = 1.0;
				PRODUCT_BUNDLE_IDENTIFIER = cove.UserAuthFirebase;
				PRODUCT_NAME = "$(TARGET_NAME)";
				SWIFT_EMIT_LOC_STRINGS = YES;
				SWIFT_VERSION = 5.0;
				TARGETED_DEVICE_FAMILY = "1,2";
			};
			name = Debug;
		};
		D58F66FC2C103008000D6B18 /* Release */ = {
			isa = XCBuildConfiguration;
			buildSettings = {
				ASSETCATALOG_COMPILER_APPICON_NAME = AppIcon;
				ASSETCATALOG_COMPILER_GLOBAL_ACCENT_COLOR_NAME = AccentColor;
				CODE_SIGN_STYLE = Automatic;
				CURRENT_PROJECT_VERSION = 1;
				DEVELOPMENT_ASSET_PATHS = "\"UserAuthFirebase/Preview Content\"";
				DEVELOPMENT_TEAM = TJ4DPFCMFY;
				ENABLE_PREVIEWS = YES;
				GENERATE_INFOPLIST_FILE = YES;
				INFOPLIST_KEY_UIApplicationSceneManifest_Generation = YES;
				INFOPLIST_KEY_UIApplicationSupportsIndirectInputEvents = YES;
				INFOPLIST_KEY_UILaunchScreen_Generation = YES;
				INFOPLIST_KEY_UISupportedInterfaceOrientations_iPad = "UIInterfaceOrientationPortrait UIInterfaceOrientationPortraitUpsideDown UIInterfaceOrientationLandscapeLeft UIInterfaceOrientationLandscapeRight";
				INFOPLIST_KEY_UISupportedInterfaceOrientations_iPhone = "UIInterfaceOrientationPortrait UIInterfaceOrientationLandscapeLeft UIInterfaceOrientationLandscapeRight";
				LD_RUNPATH_SEARCH_PATHS = (
					"$(inherited)",
					"@executable_path/Frameworks",
				);
				MARKETING_VERSION = 1.0;
				PRODUCT_BUNDLE_IDENTIFIER = cove.UserAuthFirebase;
				PRODUCT_NAME = "$(TARGET_NAME)";
				SWIFT_EMIT_LOC_STRINGS = YES;
				SWIFT_VERSION = 5.0;
				TARGETED_DEVICE_FAMILY = "1,2";
			};
			name = Release;
		};
/* End XCBuildConfiguration section */

/* Begin XCConfigurationList section */
		D58F66E72C103007000D6B18 /* Build configuration list for PBXProject "UserAuthFirebase" */ = {
			isa = XCConfigurationList;
			buildConfigurations = (
				D58F66F82C103008000D6B18 /* Debug */,
				D58F66F92C103008000D6B18 /* Release */,
			);
			defaultConfigurationIsVisible = 0;
			defaultConfigurationName = Release;
		};
		D58F66FA2C103008000D6B18 /* Build configuration list for PBXNativeTarget "UserAuthFirebase" */ = {
			isa = XCConfigurationList;
			buildConfigurations = (
				D58F66FB2C103008000D6B18 /* Debug */,
				D58F66FC2C103008000D6B18 /* Release */,
			);
			defaultConfigurationIsVisible = 0;
			defaultConfigurationName = Release;
		};
/* End XCConfigurationList section */
	};
	rootObject = D58F66E42C103007000D6B18 /* Project object */;
}
